// !$*UTF8*$!
{
	archiveVersion = 1;
	classes = {
	};
	objectVersion = 55;
	objects = {

/* Begin PBXBuildFile section */
		39391C8D2897650700E0EDAD /* realTimePostsVC.swift in Sources */ = {isa = PBXBuildFile; fileRef = 39391C8C2897650700E0EDAD /* realTimePostsVC.swift */; };
		39391C8F289766D800E0EDAD /* categoryPostsVC.swift in Sources */ = {isa = PBXBuildFile; fileRef = 39391C8E289766D800E0EDAD /* categoryPostsVC.swift */; };
		39391C912897762500E0EDAD /* postingVC.swift in Sources */ = {isa = PBXBuildFile; fileRef = 39391C902897762500E0EDAD /* postingVC.swift */; };
		39391C932897B13E00E0EDAD /* findInfoVC.swift in Sources */ = {isa = PBXBuildFile; fileRef = 39391C922897B13E00E0EDAD /* findInfoVC.swift */; };
		39391C96289B715200E0EDAD /* listCellRealTime.swift in Sources */ = {isa = PBXBuildFile; fileRef = 39391C94289B715200E0EDAD /* listCellRealTime.swift */; };
		39391C97289B715200E0EDAD /* listCellRealTime.xib in Resources */ = {isa = PBXBuildFile; fileRef = 39391C95289B715200E0EDAD /* listCellRealTime.xib */; };
		39391C99289B79F500E0EDAD /* structPost.swift in Sources */ = {isa = PBXBuildFile; fileRef = 39391C98289B79F500E0EDAD /* structPost.swift */; };
		39391C9B289BF1A000E0EDAD /* participateInVC.swift in Sources */ = {isa = PBXBuildFile; fileRef = 39391C9A289BF1A000E0EDAD /* participateInVC.swift */; };
		39391C9E289C118200E0EDAD /* PreviewTableViewCell.swift in Sources */ = {isa = PBXBuildFile; fileRef = 39391C9C289C118200E0EDAD /* PreviewTableViewCell.swift */; };
		39391C9F289C118200E0EDAD /* PreviewTableViewCell.xib in Resources */ = {isa = PBXBuildFile; fileRef = 39391C9D289C118200E0EDAD /* PreviewTableViewCell.xib */; };
		39391D47289F59E800E0EDAD /* structUser.swift in Sources */ = {isa = PBXBuildFile; fileRef = 39391D46289F59E800E0EDAD /* structUser.swift */; };
		39391DE928A0A20400E0EDAD /* TabBarController.swift in Sources */ = {isa = PBXBuildFile; fileRef = 39391DE828A0A20400E0EDAD /* TabBarController.swift */; };
		39391DEB28A0D17000E0EDAD /* MyPageVC.swift in Sources */ = {isa = PBXBuildFile; fileRef = 39391DEA28A0D17000E0EDAD /* MyPageVC.swift */; };
		39391DEF28A20A8B00E0EDAD /* MyPagePosts.swift in Sources */ = {isa = PBXBuildFile; fileRef = 39391DEE28A20A8B00E0EDAD /* MyPagePosts.swift */; };
		393A41392890150D00F8796E /* AppDelegate.swift in Sources */ = {isa = PBXBuildFile; fileRef = 393A41382890150D00F8796E /* AppDelegate.swift */; };
		393A413B2890150D00F8796E /* SceneDelegate.swift in Sources */ = {isa = PBXBuildFile; fileRef = 393A413A2890150D00F8796E /* SceneDelegate.swift */; };
		393A413D2890150D00F8796E /* ViewController.swift in Sources */ = {isa = PBXBuildFile; fileRef = 393A413C2890150D00F8796E /* ViewController.swift */; };
		393A41402890150D00F8796E /* Main.storyboard in Resources */ = {isa = PBXBuildFile; fileRef = 393A413E2890150D00F8796E /* Main.storyboard */; };
		393A41422890150E00F8796E /* Assets.xcassets in Resources */ = {isa = PBXBuildFile; fileRef = 393A41412890150E00F8796E /* Assets.xcassets */; };
		393A41452890150E00F8796E /* LaunchScreen.storyboard in Resources */ = {isa = PBXBuildFile; fileRef = 393A41432890150E00F8796E /* LaunchScreen.storyboard */; };
		393A415628912EA200F8796E /* GoogleService-Info.plist in Resources */ = {isa = PBXBuildFile; fileRef = 393A415528912EA200F8796E /* GoogleService-Info.plist */; };
		393A41602892727700F8796E /* SignUpVC.swift in Sources */ = {isa = PBXBuildFile; fileRef = 393A415F2892727700F8796E /* SignUpVC.swift */; };
		393A416228927A4700F8796E /* categoryVC.swift in Sources */ = {isa = PBXBuildFile; fileRef = 393A416128927A4700F8796E /* categoryVC.swift */; };
		E444460ADA7E685CA511CE9D /* Pods_Nppang_iOS.framework in Frameworks */ = {isa = PBXBuildFile; fileRef = 345970368E6F140CC509A918 /* Pods_Nppang_iOS.framework */; };
/* End PBXBuildFile section */

/* Begin PBXFileReference section */
		345970368E6F140CC509A918 /* Pods_Nppang_iOS.framework */ = {isa = PBXFileReference; explicitFileType = wrapper.framework; includeInIndex = 0; path = Pods_Nppang_iOS.framework; sourceTree = BUILT_PRODUCTS_DIR; };
		39391C8C2897650700E0EDAD /* realTimePostsVC.swift */ = {isa = PBXFileReference; lastKnownFileType = sourcecode.swift; path = realTimePostsVC.swift; sourceTree = "<group>"; };
		39391C8E289766D800E0EDAD /* categoryPostsVC.swift */ = {isa = PBXFileReference; lastKnownFileType = sourcecode.swift; path = categoryPostsVC.swift; sourceTree = "<group>"; };
		39391C902897762500E0EDAD /* postingVC.swift */ = {isa = PBXFileReference; lastKnownFileType = sourcecode.swift; path = postingVC.swift; sourceTree = "<group>"; };
		39391C922897B13E00E0EDAD /* findInfoVC.swift */ = {isa = PBXFileReference; lastKnownFileType = sourcecode.swift; path = findInfoVC.swift; sourceTree = "<group>"; };
		39391C94289B715200E0EDAD /* listCellRealTime.swift */ = {isa = PBXFileReference; lastKnownFileType = sourcecode.swift; path = listCellRealTime.swift; sourceTree = "<group>"; };
		39391C95289B715200E0EDAD /* listCellRealTime.xib */ = {isa = PBXFileReference; lastKnownFileType = file.xib; path = listCellRealTime.xib; sourceTree = "<group>"; };
		39391C98289B79F500E0EDAD /* structPost.swift */ = {isa = PBXFileReference; lastKnownFileType = sourcecode.swift; path = structPost.swift; sourceTree = "<group>"; };
		39391C9A289BF1A000E0EDAD /* participateInVC.swift */ = {isa = PBXFileReference; lastKnownFileType = sourcecode.swift; path = participateInVC.swift; sourceTree = "<group>"; };
		39391C9C289C118200E0EDAD /* PreviewTableViewCell.swift */ = {isa = PBXFileReference; lastKnownFileType = sourcecode.swift; path = PreviewTableViewCell.swift; sourceTree = "<group>"; };
		39391C9D289C118200E0EDAD /* PreviewTableViewCell.xib */ = {isa = PBXFileReference; lastKnownFileType = file.xib; path = PreviewTableViewCell.xib; sourceTree = "<group>"; };
		39391D46289F59E800E0EDAD /* structUser.swift */ = {isa = PBXFileReference; lastKnownFileType = sourcecode.swift; path = structUser.swift; sourceTree = "<group>"; };
		39391DE828A0A20400E0EDAD /* TabBarController.swift */ = {isa = PBXFileReference; lastKnownFileType = sourcecode.swift; path = TabBarController.swift; sourceTree = "<group>"; };
		39391DEA28A0D17000E0EDAD /* MyPageVC.swift */ = {isa = PBXFileReference; lastKnownFileType = sourcecode.swift; path = MyPageVC.swift; sourceTree = "<group>"; };
		39391DEE28A20A8B00E0EDAD /* MyPagePosts.swift */ = {isa = PBXFileReference; lastKnownFileType = sourcecode.swift; path = MyPagePosts.swift; sourceTree = "<group>"; };
		393A41352890150D00F8796E /* Nppang_iOS.app */ = {isa = PBXFileReference; explicitFileType = wrapper.application; includeInIndex = 0; path = Nppang_iOS.app; sourceTree = BUILT_PRODUCTS_DIR; };
		393A41382890150D00F8796E /* AppDelegate.swift */ = {isa = PBXFileReference; lastKnownFileType = sourcecode.swift; path = AppDelegate.swift; sourceTree = "<group>"; };
		393A413A2890150D00F8796E /* SceneDelegate.swift */ = {isa = PBXFileReference; lastKnownFileType = sourcecode.swift; path = SceneDelegate.swift; sourceTree = "<group>"; };
		393A413C2890150D00F8796E /* ViewController.swift */ = {isa = PBXFileReference; lastKnownFileType = sourcecode.swift; path = ViewController.swift; sourceTree = "<group>"; };
		393A413F2890150D00F8796E /* Base */ = {isa = PBXFileReference; lastKnownFileType = file.storyboard; name = Base; path = Base.lproj/Main.storyboard; sourceTree = "<group>"; };
		393A41412890150E00F8796E /* Assets.xcassets */ = {isa = PBXFileReference; lastKnownFileType = folder.assetcatalog; path = Assets.xcassets; sourceTree = "<group>"; };
		393A41442890150E00F8796E /* Base */ = {isa = PBXFileReference; lastKnownFileType = file.storyboard; name = Base; path = Base.lproj/LaunchScreen.storyboard; sourceTree = "<group>"; };
		393A41462890150E00F8796E /* Info.plist */ = {isa = PBXFileReference; lastKnownFileType = text.plist.xml; path = Info.plist; sourceTree = "<group>"; };
		393A415528912EA200F8796E /* GoogleService-Info.plist */ = {isa = PBXFileReference; fileEncoding = 4; lastKnownFileType = text.plist.xml; path = "GoogleService-Info.plist"; sourceTree = "<group>"; };
		393A415F2892727700F8796E /* SignUpVC.swift */ = {isa = PBXFileReference; lastKnownFileType = sourcecode.swift; path = SignUpVC.swift; sourceTree = "<group>"; };
		393A416128927A4700F8796E /* categoryVC.swift */ = {isa = PBXFileReference; lastKnownFileType = sourcecode.swift; path = categoryVC.swift; sourceTree = "<group>"; };
		90B4530ECB0947FD505A002D /* Pods-Nppang_iOS.debug.xcconfig */ = {isa = PBXFileReference; includeInIndex = 1; lastKnownFileType = text.xcconfig; name = "Pods-Nppang_iOS.debug.xcconfig"; path = "Target Support Files/Pods-Nppang_iOS/Pods-Nppang_iOS.debug.xcconfig"; sourceTree = "<group>"; };
		FE88D64F8B197F7F61973759 /* Pods-Nppang_iOS.release.xcconfig */ = {isa = PBXFileReference; includeInIndex = 1; lastKnownFileType = text.xcconfig; name = "Pods-Nppang_iOS.release.xcconfig"; path = "Target Support Files/Pods-Nppang_iOS/Pods-Nppang_iOS.release.xcconfig"; sourceTree = "<group>"; };
/* End PBXFileReference section */

/* Begin PBXFrameworksBuildPhase section */
		393A41322890150D00F8796E /* Frameworks */ = {
			isa = PBXFrameworksBuildPhase;
			buildActionMask = 2147483647;
			files = (
				E444460ADA7E685CA511CE9D /* Pods_Nppang_iOS.framework in Frameworks */,
			);
			runOnlyForDeploymentPostprocessing = 0;
		};
/* End PBXFrameworksBuildPhase section */

/* Begin PBXGroup section */
		393A412C2890150D00F8796E = {
			isa = PBXGroup;
			children = (
				393A41372890150D00F8796E /* Nppang_iOS */,
				393A41362890150D00F8796E /* Products */,
				544A6127C8525F927A832191 /* Pods */,
				8B9CAEC512D4C00D5157C596 /* Frameworks */,
			);
			sourceTree = "<group>";
		};
		393A41362890150D00F8796E /* Products */ = {
			isa = PBXGroup;
			children = (
				393A41352890150D00F8796E /* Nppang_iOS.app */,
			);
			name = Products;
			sourceTree = "<group>";
		};
		393A41372890150D00F8796E /* Nppang_iOS */ = {
			isa = PBXGroup;
			children = (
				393A41412890150E00F8796E /* Assets.xcassets */,
				393A41432890150E00F8796E /* LaunchScreen.storyboard */,
				393A413E2890150D00F8796E /* Main.storyboard */,
				39391DEE28A20A8B00E0EDAD /* MyPagePosts.swift */,
				39391C95289B715200E0EDAD /* listCellRealTime.xib */,
				39391C9D289C118200E0EDAD /* PreviewTableViewCell.xib */,
				393A41382890150D00F8796E /* AppDelegate.swift */,
				393A413A2890150D00F8796E /* SceneDelegate.swift */,
				393A413C2890150D00F8796E /* ViewController.swift */,
				39391DEA28A0D17000E0EDAD /* MyPageVC.swift */,
				39391DE828A0A20400E0EDAD /* TabBarController.swift */,
				393A415F2892727700F8796E /* SignUpVC.swift */,
				393A416128927A4700F8796E /* categoryVC.swift */,
				39391C902897762500E0EDAD /* postingVC.swift */,
				39391C8C2897650700E0EDAD /* realTimePostsVC.swift */,
				39391C94289B715200E0EDAD /* listCellRealTime.swift */,
				39391C9C289C118200E0EDAD /* PreviewTableViewCell.swift */,
				39391C8E289766D800E0EDAD /* categoryPostsVC.swift */,
				39391C922897B13E00E0EDAD /* findInfoVC.swift */,
				39391C9A289BF1A000E0EDAD /* participateInVC.swift */,
				39391D46289F59E800E0EDAD /* structUser.swift */,
				39391C98289B79F500E0EDAD /* structPost.swift */,
				393A41462890150E00F8796E /* Info.plist */,
				393A415528912EA200F8796E /* GoogleService-Info.plist */,
			);
			path = Nppang_iOS;
			sourceTree = "<group>";
		};
		544A6127C8525F927A832191 /* Pods */ = {
			isa = PBXGroup;
			children = (
				90B4530ECB0947FD505A002D /* Pods-Nppang_iOS.debug.xcconfig */,
				FE88D64F8B197F7F61973759 /* Pods-Nppang_iOS.release.xcconfig */,
			);
			path = Pods;
			sourceTree = "<group>";
		};
		8B9CAEC512D4C00D5157C596 /* Frameworks */ = {
			isa = PBXGroup;
			children = (
				345970368E6F140CC509A918 /* Pods_Nppang_iOS.framework */,
			);
			name = Frameworks;
			sourceTree = "<group>";
		};
/* End PBXGroup section */

/* Begin PBXNativeTarget section */
		393A41342890150D00F8796E /* Nppang_iOS */ = {
			isa = PBXNativeTarget;
			buildConfigurationList = 393A41492890150E00F8796E /* Build configuration list for PBXNativeTarget "Nppang_iOS" */;
			buildPhases = (
				1083CE326EFE3BB6CB3BC512 /* [CP] Check Pods Manifest.lock */,
				393A41312890150D00F8796E /* Sources */,
				393A41322890150D00F8796E /* Frameworks */,
				393A41332890150D00F8796E /* Resources */,
				24E01EE685A084C193731B00 /* [CP] Embed Pods Frameworks */,
				44D966E66FA15BFF3E59D18D /* [CP] Copy Pods Resources */,
			);
			buildRules = (
			);
			dependencies = (
			);
			name = Nppang_iOS;
			productName = Nppang_iOS;
			productReference = 393A41352890150D00F8796E /* Nppang_iOS.app */;
			productType = "com.apple.product-type.application";
		};
/* End PBXNativeTarget section */

/* Begin PBXProject section */
		393A412D2890150D00F8796E /* Project object */ = {
			isa = PBXProject;
			attributes = {
				BuildIndependentTargetsInParallel = 1;
				LastSwiftUpdateCheck = 1340;
				LastUpgradeCheck = 1340;
				TargetAttributes = {
					393A41342890150D00F8796E = {
						CreatedOnToolsVersion = 13.4.1;
					};
				};
			};
			buildConfigurationList = 393A41302890150D00F8796E /* Build configuration list for PBXProject "Nppang_iOS" */;
			compatibilityVersion = "Xcode 13.0";
			developmentRegion = en;
			hasScannedForEncodings = 0;
			knownRegions = (
				en,
				Base,
			);
			mainGroup = 393A412C2890150D00F8796E;
			productRefGroup = 393A41362890150D00F8796E /* Products */;
			projectDirPath = "";
			projectRoot = "";
			targets = (
				393A41342890150D00F8796E /* Nppang_iOS */,
			);
		};
/* End PBXProject section */

/* Begin PBXResourcesBuildPhase section */
		393A41332890150D00F8796E /* Resources */ = {
			isa = PBXResourcesBuildPhase;
			buildActionMask = 2147483647;
			files = (
				39391C9F289C118200E0EDAD /* PreviewTableViewCell.xib in Resources */,
				393A41452890150E00F8796E /* LaunchScreen.storyboard in Resources */,
				39391C97289B715200E0EDAD /* listCellRealTime.xib in Resources */,
				393A415628912EA200F8796E /* GoogleService-Info.plist in Resources */,
				393A41422890150E00F8796E /* Assets.xcassets in Resources */,
				393A41402890150D00F8796E /* Main.storyboard in Resources */,
			);
			runOnlyForDeploymentPostprocessing = 0;
		};
/* End PBXResourcesBuildPhase section */

/* Begin PBXShellScriptBuildPhase section */
		1083CE326EFE3BB6CB3BC512 /* [CP] Check Pods Manifest.lock */ = {
			isa = PBXShellScriptBuildPhase;
			buildActionMask = 2147483647;
			files = (
			);
			inputFileListPaths = (
			);
			inputPaths = (
				"${PODS_PODFILE_DIR_PATH}/Podfile.lock",
				"${PODS_ROOT}/Manifest.lock",
			);
			name = "[CP] Check Pods Manifest.lock";
			outputFileListPaths = (
			);
			outputPaths = (
				"$(DERIVED_FILE_DIR)/Pods-Nppang_iOS-checkManifestLockResult.txt",
			);
			runOnlyForDeploymentPostprocessing = 0;
			shellPath = /bin/sh;
			shellScript = "diff \"${PODS_PODFILE_DIR_PATH}/Podfile.lock\" \"${PODS_ROOT}/Manifest.lock\" > /dev/null\nif [ $? != 0 ] ; then\n    # print error to STDERR\n    echo \"error: The sandbox is not in sync with the Podfile.lock. Run 'pod install' or update your CocoaPods installation.\" >&2\n    exit 1\nfi\n# This output is used by Xcode 'outputs' to avoid re-running this script phase.\necho \"SUCCESS\" > \"${SCRIPT_OUTPUT_FILE_0}\"\n";
			showEnvVarsInLog = 0;
		};
		24E01EE685A084C193731B00 /* [CP] Embed Pods Frameworks */ = {
			isa = PBXShellScriptBuildPhase;
			buildActionMask = 2147483647;
			files = (
			);
			inputFileListPaths = (
				"${PODS_ROOT}/Target Support Files/Pods-Nppang_iOS/Pods-Nppang_iOS-frameworks-${CONFIGURATION}-input-files.xcfilelist",
			);
			name = "[CP] Embed Pods Frameworks";
			outputFileListPaths = (
				"${PODS_ROOT}/Target Support Files/Pods-Nppang_iOS/Pods-Nppang_iOS-frameworks-${CONFIGURATION}-output-files.xcfilelist",
			);
			runOnlyForDeploymentPostprocessing = 0;
			shellPath = /bin/sh;
			shellScript = "\"${PODS_ROOT}/Target Support Files/Pods-Nppang_iOS/Pods-Nppang_iOS-frameworks.sh\"\n";
			showEnvVarsInLog = 0;
		};
		44D966E66FA15BFF3E59D18D /* [CP] Copy Pods Resources */ = {
			isa = PBXShellScriptBuildPhase;
			buildActionMask = 2147483647;
			files = (
			);
			inputFileListPaths = (
				"${PODS_ROOT}/Target Support Files/Pods-Nppang_iOS/Pods-Nppang_iOS-resources-${CONFIGURATION}-input-files.xcfilelist",
			);
			name = "[CP] Copy Pods Resources";
			outputFileListPaths = (
				"${PODS_ROOT}/Target Support Files/Pods-Nppang_iOS/Pods-Nppang_iOS-resources-${CONFIGURATION}-output-files.xcfilelist",
			);
			runOnlyForDeploymentPostprocessing = 0;
			shellPath = /bin/sh;
			shellScript = "\"${PODS_ROOT}/Target Support Files/Pods-Nppang_iOS/Pods-Nppang_iOS-resources.sh\"\n";
			showEnvVarsInLog = 0;
		};
/* End PBXShellScriptBuildPhase section */

/* Begin PBXSourcesBuildPhase section */
		393A41312890150D00F8796E /* Sources */ = {
			isa = PBXSourcesBuildPhase;
			buildActionMask = 2147483647;
			files = (
				393A416228927A4700F8796E /* categoryVC.swift in Sources */,
				39391D47289F59E800E0EDAD /* structUser.swift in Sources */,
				393A41602892727700F8796E /* SignUpVC.swift in Sources */,
				39391DE928A0A20400E0EDAD /* TabBarController.swift in Sources */,
				39391DEF28A20A8B00E0EDAD /* MyPagePosts.swift in Sources */,
				39391C9B289BF1A000E0EDAD /* participateInVC.swift in Sources */,
				39391DEB28A0D17000E0EDAD /* MyPageVC.swift in Sources */,
				393A413D2890150D00F8796E /* ViewController.swift in Sources */,
				393A41392890150D00F8796E /* AppDelegate.swift in Sources */,
				39391C99289B79F500E0EDAD /* structPost.swift in Sources */,
				39391C9E289C118200E0EDAD /* PreviewTableViewCell.swift in Sources */,
				39391C96289B715200E0EDAD /* listCellRealTime.swift in Sources */,
				393A413B2890150D00F8796E /* SceneDelegate.swift in Sources */,
				39391C932897B13E00E0EDAD /* findInfoVC.swift in Sources */,
				39391C8D2897650700E0EDAD /* realTimePostsVC.swift in Sources */,
				39391C8F289766D800E0EDAD /* categoryPostsVC.swift in Sources */,
				39391C912897762500E0EDAD /* postingVC.swift in Sources */,
			);
			runOnlyForDeploymentPostprocessing = 0;
		};
/* End PBXSourcesBuildPhase section */

/* Begin PBXVariantGroup section */
		393A413E2890150D00F8796E /* Main.storyboard */ = {
			isa = PBXVariantGroup;
			children = (
				393A413F2890150D00F8796E /* Base */,
			);
			name = Main.storyboard;
			sourceTree = "<group>";
		};
		393A41432890150E00F8796E /* LaunchScreen.storyboard */ = {
			isa = PBXVariantGroup;
			children = (
				393A41442890150E00F8796E /* Base */,
			);
			name = LaunchScreen.storyboard;
			sourceTree = "<group>";
		};
/* End PBXVariantGroup section */

/* Begin XCBuildConfiguration section */
		393A41472890150E00F8796E /* Debug */ = {
			isa = XCBuildConfiguration;
			buildSettings = {
				ALWAYS_SEARCH_USER_PATHS = NO;
				CLANG_ANALYZER_NONNULL = YES;
				CLANG_ANALYZER_NUMBER_OBJECT_CONVERSION = YES_AGGRESSIVE;
				CLANG_CXX_LANGUAGE_STANDARD = "gnu++17";
				CLANG_ENABLE_MODULES = YES;
				CLANG_ENABLE_OBJC_ARC = YES;
				CLANG_ENABLE_OBJC_WEAK = YES;
				CLANG_WARN_BLOCK_CAPTURE_AUTORELEASING = YES;
				CLANG_WARN_BOOL_CONVERSION = YES;
				CLANG_WARN_COMMA = YES;
				CLANG_WARN_CONSTANT_CONVERSION = YES;
				CLANG_WARN_DEPRECATED_OBJC_IMPLEMENTATIONS = YES;
				CLANG_WARN_DIRECT_OBJC_ISA_USAGE = YES_ERROR;
				CLANG_WARN_DOCUMENTATION_COMMENTS = YES;
				CLANG_WARN_EMPTY_BODY = YES;
				CLANG_WARN_ENUM_CONVERSION = YES;
				CLANG_WARN_INFINITE_RECURSION = YES;
				CLANG_WARN_INT_CONVERSION = YES;
				CLANG_WARN_NON_LITERAL_NULL_CONVERSION = YES;
				CLANG_WARN_OBJC_IMPLICIT_RETAIN_SELF = YES;
				CLANG_WARN_OBJC_LITERAL_CONVERSION = YES;
				CLANG_WARN_OBJC_ROOT_CLASS = YES_ERROR;
				CLANG_WARN_QUOTED_INCLUDE_IN_FRAMEWORK_HEADER = YES;
				CLANG_WARN_RANGE_LOOP_ANALYSIS = YES;
				CLANG_WARN_STRICT_PROTOTYPES = YES;
				CLANG_WARN_SUSPICIOUS_MOVE = YES;
				CLANG_WARN_UNGUARDED_AVAILABILITY = YES_AGGRESSIVE;
				CLANG_WARN_UNREACHABLE_CODE = YES;
				CLANG_WARN__DUPLICATE_METHOD_MATCH = YES;
				COPY_PHASE_STRIP = NO;
				DEBUG_INFORMATION_FORMAT = dwarf;
				ENABLE_STRICT_OBJC_MSGSEND = YES;
				ENABLE_TESTABILITY = YES;
				GCC_C_LANGUAGE_STANDARD = gnu11;
				GCC_DYNAMIC_NO_PIC = NO;
				GCC_NO_COMMON_BLOCKS = YES;
				GCC_OPTIMIZATION_LEVEL = 0;
				GCC_PREPROCESSOR_DEFINITIONS = (
					"DEBUG=1",
					"$(inherited)",
				);
				GCC_WARN_64_TO_32_BIT_CONVERSION = YES;
				GCC_WARN_ABOUT_RETURN_TYPE = YES_ERROR;
				GCC_WARN_UNDECLARED_SELECTOR = YES;
				GCC_WARN_UNINITIALIZED_AUTOS = YES_AGGRESSIVE;
				GCC_WARN_UNUSED_FUNCTION = YES;
				GCC_WARN_UNUSED_VARIABLE = YES;
				IPHONEOS_DEPLOYMENT_TARGET = 15.5;
				MTL_ENABLE_DEBUG_INFO = INCLUDE_SOURCE;
				MTL_FAST_MATH = YES;
				ONLY_ACTIVE_ARCH = YES;
				SDKROOT = iphoneos;
				SWIFT_ACTIVE_COMPILATION_CONDITIONS = DEBUG;
				SWIFT_OPTIMIZATION_LEVEL = "-Onone";
			};
			name = Debug;
		};
		393A41482890150E00F8796E /* Release */ = {
			isa = XCBuildConfiguration;
			buildSettings = {
				ALWAYS_SEARCH_USER_PATHS = NO;
				CLANG_ANALYZER_NONNULL = YES;
				CLANG_ANALYZER_NUMBER_OBJECT_CONVERSION = YES_AGGRESSIVE;
				CLANG_CXX_LANGUAGE_STANDARD = "gnu++17";
				CLANG_ENABLE_MODULES = YES;
				CLANG_ENABLE_OBJC_ARC = YES;
				CLANG_ENABLE_OBJC_WEAK = YES;
				CLANG_WARN_BLOCK_CAPTURE_AUTORELEASING = YES;
				CLANG_WARN_BOOL_CONVERSION = YES;
				CLANG_WARN_COMMA = YES;
				CLANG_WARN_CONSTANT_CONVERSION = YES;
				CLANG_WARN_DEPRECATED_OBJC_IMPLEMENTATIONS = YES;
				CLANG_WARN_DIRECT_OBJC_ISA_USAGE = YES_ERROR;
				CLANG_WARN_DOCUMENTATION_COMMENTS = YES;
				CLANG_WARN_EMPTY_BODY = YES;
				CLANG_WARN_ENUM_CONVERSION = YES;
				CLANG_WARN_INFINITE_RECURSION = YES;
				CLANG_WARN_INT_CONVERSION = YES;
				CLANG_WARN_NON_LITERAL_NULL_CONVERSION = YES;
				CLANG_WARN_OBJC_IMPLICIT_RETAIN_SELF = YES;
				CLANG_WARN_OBJC_LITERAL_CONVERSION = YES;
				CLANG_WARN_OBJC_ROOT_CLASS = YES_ERROR;
				CLANG_WARN_QUOTED_INCLUDE_IN_FRAMEWORK_HEADER = YES;
				CLANG_WARN_RANGE_LOOP_ANALYSIS = YES;
				CLANG_WARN_STRICT_PROTOTYPES = YES;
				CLANG_WARN_SUSPICIOUS_MOVE = YES;
				CLANG_WARN_UNGUARDED_AVAILABILITY = YES_AGGRESSIVE;
				CLANG_WARN_UNREACHABLE_CODE = YES;
				CLANG_WARN__DUPLICATE_METHOD_MATCH = YES;
				COPY_PHASE_STRIP = NO;
				DEBUG_INFORMATION_FORMAT = "dwarf-with-dsym";
				ENABLE_NS_ASSERTIONS = NO;
				ENABLE_STRICT_OBJC_MSGSEND = YES;
				GCC_C_LANGUAGE_STANDARD = gnu11;
				GCC_NO_COMMON_BLOCKS = YES;
				GCC_WARN_64_TO_32_BIT_CONVERSION = YES;
				GCC_WARN_ABOUT_RETURN_TYPE = YES_ERROR;
				GCC_WARN_UNDECLARED_SELECTOR = YES;
				GCC_WARN_UNINITIALIZED_AUTOS = YES_AGGRESSIVE;
				GCC_WARN_UNUSED_FUNCTION = YES;
				GCC_WARN_UNUSED_VARIABLE = YES;
				IPHONEOS_DEPLOYMENT_TARGET = 15.5;
				MTL_ENABLE_DEBUG_INFO = NO;
				MTL_FAST_MATH = YES;
				SDKROOT = iphoneos;
				SWIFT_COMPILATION_MODE = wholemodule;
				SWIFT_OPTIMIZATION_LEVEL = "-O";
				VALIDATE_PRODUCT = YES;
			};
			name = Release;
		};
		393A414A2890150E00F8796E /* Debug */ = {
			isa = XCBuildConfiguration;
			baseConfigurationReference = 90B4530ECB0947FD505A002D /* Pods-Nppang_iOS.debug.xcconfig */;
			buildSettings = {
				ASSETCATALOG_COMPILER_APPICON_NAME = AppIcon;
				ASSETCATALOG_COMPILER_GLOBAL_ACCENT_COLOR_NAME = AccentColor;
				CODE_SIGN_STYLE = Automatic;
				CURRENT_PROJECT_VERSION = 1;
				GENERATE_INFOPLIST_FILE = YES;
				INFOPLIST_FILE = Nppang_iOS/Info.plist;
				INFOPLIST_KEY_CFBundleDisplayName = "엔빵";
				INFOPLIST_KEY_UIApplicationSupportsIndirectInputEvents = YES;
				INFOPLIST_KEY_UILaunchStoryboardName = LaunchScreen;
				INFOPLIST_KEY_UIMainStoryboardFile = Main;
				INFOPLIST_KEY_UIStatusBarHidden = NO;
				INFOPLIST_KEY_UISupportedInterfaceOrientations = UIInterfaceOrientationPortrait;
				INFOPLIST_KEY_UISupportedInterfaceOrientations_iPad = "UIInterfaceOrientationPortrait UIInterfaceOrientationPortraitUpsideDown UIInterfaceOrientationLandscapeLeft UIInterfaceOrientationLandscapeRight";
				INFOPLIST_KEY_UISupportedInterfaceOrientations_iPhone = "UIInterfaceOrientationPortrait UIInterfaceOrientationLandscapeLeft UIInterfaceOrientationLandscapeRight";
				LD_RUNPATH_SEARCH_PATHS = (
					"$(inherited)",
					"@executable_path/Frameworks",
				);
				MARKETING_VERSION = 1.0;
				PRODUCT_BUNDLE_IDENTIFIER = "KwonTaewoo.Nppang-iOS";
				PRODUCT_NAME = "$(TARGET_NAME)";
				SWIFT_EMIT_LOC_STRINGS = YES;
				SWIFT_VERSION = 5.0;
				TARGETED_DEVICE_FAMILY = 1;
			};
			name = Debug;
		};
		393A414B2890150E00F8796E /* Release */ = {
			isa = XCBuildConfiguration;
			baseConfigurationReference = FE88D64F8B197F7F61973759 /* Pods-Nppang_iOS.release.xcconfig */;
			buildSettings = {
				ASSETCATALOG_COMPILER_APPICON_NAME = AppIcon;
				ASSETCATALOG_COMPILER_GLOBAL_ACCENT_COLOR_NAME = AccentColor;
				CODE_SIGN_STYLE = Automatic;
				CURRENT_PROJECT_VERSION = 1;
				GENERATE_INFOPLIST_FILE = YES;
				INFOPLIST_FILE = Nppang_iOS/Info.plist;
				INFOPLIST_KEY_CFBundleDisplayName = "엔빵";
				INFOPLIST_KEY_UIApplicationSupportsIndirectInputEvents = YES;
				INFOPLIST_KEY_UILaunchStoryboardName = LaunchScreen;
				INFOPLIST_KEY_UIMainStoryboardFile = Main;
				INFOPLIST_KEY_UIStatusBarHidden = NO;
				INFOPLIST_KEY_UISupportedInterfaceOrientations = UIInterfaceOrientationPortrait;
				INFOPLIST_KEY_UISupportedInterfaceOrientations_iPad = "UIInterfaceOrientationPortrait UIInterfaceOrientationPortraitUpsideDown UIInterfaceOrientationLandscapeLeft UIInterfaceOrientationLandscapeRight";
				INFOPLIST_KEY_UISupportedInterfaceOrientations_iPhone = "UIInterfaceOrientationPortrait UIInterfaceOrientationLandscapeLeft UIInterfaceOrientationLandscapeRight";
				LD_RUNPATH_SEARCH_PATHS = (
					"$(inherited)",
					"@executable_path/Frameworks",
				);
				MARKETING_VERSION = 1.0;
				PRODUCT_BUNDLE_IDENTIFIER = "KwonTaewoo.Nppang-iOS";
				PRODUCT_NAME = "$(TARGET_NAME)";
				SWIFT_EMIT_LOC_STRINGS = YES;
				SWIFT_VERSION = 5.0;
				TARGETED_DEVICE_FAMILY = 1;
			};
			name = Release;
		};
/* End XCBuildConfiguration section */

/* Begin XCConfigurationList section */
		393A41302890150D00F8796E /* Build configuration list for PBXProject "Nppang_iOS" */ = {
			isa = XCConfigurationList;
			buildConfigurations = (
				393A41472890150E00F8796E /* Debug */,
				393A41482890150E00F8796E /* Release */,
			);
			defaultConfigurationIsVisible = 0;
			defaultConfigurationName = Release;
		};
		393A41492890150E00F8796E /* Build configuration list for PBXNativeTarget "Nppang_iOS" */ = {
			isa = XCConfigurationList;
			buildConfigurations = (
				393A414A2890150E00F8796E /* Debug */,
				393A414B2890150E00F8796E /* Release */,
			);
			defaultConfigurationIsVisible = 0;
			defaultConfigurationName = Release;
		};
/* End XCConfigurationList section */
	};
	rootObject = 393A412D2890150D00F8796E /* Project object */;
}
